lockfileVersion: 5.4

specifiers:
  '@types/node': 16.11.6
  schema: github:rok-star/schema#main
  typescript: 4.5.5

dependencies:
  schema: github.com/rok-star/schema/4c749f6c9f065c96a3e1ca779271aa92f00302d6

devDependencies:
  '@types/node': 16.11.6
  typescript: 4.5.5

packages:

  /@types/node/16.11.6:
    resolution: {integrity: sha512-ua7PgUoeQFjmWPcoo9khiPum3Pd60k4/2ZGXt18sm2Slk0W0xZTqt5Y0Ny1NyBiN1EVQ/+FaF9NcY4Qe6rwk5w==}
    dev: true

  /typescript/4.5.5:
    resolution: {integrity: sha512-TCTIul70LyWe6IJWT8QSYeA54WQe8EjQFU4wY52Fasj5UKx88LNYKCgBEHcOMOrFF1rKGbD8v/xcNWVUq9SymA==}
    engines: {node: '>=4.2.0'}
    hasBin: true
    dev: true

  github.com/rok-star/schema/4c749f6c9f065c96a3e1ca779271aa92f00302d6:
    resolution: {tarball: https://codeload.github.com/rok-star/schema/tar.gz/4c749f6c9f065c96a3e1ca779271aa92f00302d6}
    name: schema
    version: 0.0.1
    dev: false
